
Microsoft Visual Studio Solution File, Format Version 12.00
# Visual Studio Version 17
VisualStudioVersion = 17.3.32929.385
MinimumVisualStudioVersion = 10.0.40219.1
Project("{2150E333-8FDC-42A3-9474-1A3956D46DE8}") = "Internal", "Internal", "{FFE1FFEF-0DB7-4FB5-A084-41470D537910}"
EndProject
Project("{2150E333-8FDC-42A3-9474-1A3956D46DE8}") = "QActions", "QActions", "{92603701-31FA-41BC-9C45-C17BDF2BBFCC}"
EndProject
Project("{2150E333-8FDC-42A3-9474-1A3956D46DE8}") = "Dlls", "Dlls", "{ED2ADA26-ADAB-4170-B931-BA9153DD87D0}"
	ProjectSection(SolutionItems) = preProject
		Dlls\readme.txt = Dlls\readme.txt
	EndProjectSection
EndProject
Project("{2150E333-8FDC-42A3-9474-1A3956D46DE8}") = "Documentation", "Documentation", "{7790627E-CAA1-4A0F-B3ED-26C62147911A}"
	ProjectSection(SolutionItems) = preProject
		Documentation\readme.txt = Documentation\readme.txt
	EndProjectSection
EndProject
Project("{2150E333-8FDC-42A3-9474-1A3956D46DE8}") = "Solution Items", "Solution Items", "{C033C5D1-ABE5-494B-8B7C-B39574DD5135}"
	ProjectSection(SolutionItems) = preProject
		protocol.xml = protocol.xml
	EndProjectSection
EndProject
Project("{2150E333-8FDC-42A3-9474-1A3956D46DE8}") = "Code Analysis", "Code Analysis", "{1C2990DE-B85A-4D30-A804-E1303D2C7D3E}"
	ProjectSection(SolutionItems) = preProject
		Internal\Code Analysis\qaction-debug.ruleset = Internal\Code Analysis\qaction-debug.ruleset
		Internal\Code Analysis\qaction-release.ruleset = Internal\Code Analysis\qaction-release.ruleset
	EndProjectSection
EndProject
Project("{FAE04EC0-301F-11D3-BF4B-00C04F79EFBC}") = "QAction_Helper", "QAction_Helper\QAction_Helper.csproj", "{E39E6385-B003-42E6-8A0E-ACCFB8C7F474}"
EndProject
Project("{FAE04EC0-301F-11D3-BF4B-00C04F79EFBC}") = "QAction_1", "QAction_1\QAction_1.csproj", "{C900CC47-7C13-4F80-9238-469698E47510}"
EndProject
Project("{FAE04EC0-301F-11D3-BF4B-00C04F79EFBC}") = "QAction_2", "QAction_2\QAction_2.csproj", "{8313D7B3-72A8-4011-8BFB-7A8E9DDC5BA5}"
EndProject
Project("{FAE04EC0-301F-11D3-BF4B-00C04F79EFBC}") = "QAction_91", "QAction_91\QAction_91.csproj", "{041A9819-84B2-46B1-993D-596DC252C6E3}"
EndProject
Project("{FAE04EC0-301F-11D3-BF4B-00C04F79EFBC}") = "QAction_1000", "QAction_1000\QAction_1000.csproj", "{4FA1046F-1965-4BAD-B753-CA80E2E4FFA4}"
EndProject
Project("{FAE04EC0-301F-11D3-BF4B-00C04F79EFBC}") = "QAction_1100", "QAction_1100\QAction_1100.csproj", "{DA34A43C-9408-4CBE-BAD7-6140974D1B8A}"
EndProject
Project("{FAE04EC0-301F-11D3-BF4B-00C04F79EFBC}") = "QAction_1191", "QAction_1191\QAction_1191.csproj", "{A19CC25A-983F-48B5-8371-7C8F4AA14BA6}"
EndProject
Project("{FAE04EC0-301F-11D3-BF4B-00C04F79EFBC}") = "QAction_1192", "QAction_1192\QAction_1192.csproj", "{E7BE7B7D-AE00-47C0-885C-BA57AD11A0B5}"
EndProject
Project("{FAE04EC0-301F-11D3-BF4B-00C04F79EFBC}") = "QAction_1257", "QAction_1257\QAction_1257.csproj", "{2747AB1B-8065-4BEF-A4DF-9F63AF1E3044}"
EndProject
Project("{2150E333-8FDC-42A3-9474-1A3956D46DE8}") = "Tests", "Tests", "{FED49DAC-62AA-472A-A271-5188A3C0F624}"
EndProject
Project("{FAE04EC0-301F-11D3-BF4B-00C04F79EFBC}") = "InterfaceUtilizationHelperTests", "InterfaceUtilizationHelperTests1\InterfaceUtilizationHelperTests.csproj", "{13C326D1-08B0-49EB-8AEB-8B88062C76D8}"
EndProject
Project("{FAE04EC0-301F-11D3-BF4B-00C04F79EFBC}") = "InterfaceDiscontinuityHelperTests", "InterfaceDiscontinuityHelperTests\InterfaceDiscontinuityHelperTests.csproj", "{066A63A5-D3AB-4BCD-8DA2-3BDD50726CB2}"
EndProject
Global
	GlobalSection(SolutionConfigurationPlatforms) = preSolution
		Debug|Any CPU = Debug|Any CPU
		Release|Any CPU = Release|Any CPU
	EndGlobalSection
	GlobalSection(ProjectConfigurationPlatforms) = postSolution
		{E39E6385-B003-42E6-8A0E-ACCFB8C7F474}.Debug|Any CPU.ActiveCfg = Debug|Any CPU
		{E39E6385-B003-42E6-8A0E-ACCFB8C7F474}.Debug|Any CPU.Build.0 = Debug|Any CPU
		{E39E6385-B003-42E6-8A0E-ACCFB8C7F474}.Release|Any CPU.ActiveCfg = Release|Any CPU
		{E39E6385-B003-42E6-8A0E-ACCFB8C7F474}.Release|Any CPU.Build.0 = Release|Any CPU
		{C900CC47-7C13-4F80-9238-469698E47510}.Debug|Any CPU.ActiveCfg = Debug|Any CPU
		{C900CC47-7C13-4F80-9238-469698E47510}.Debug|Any CPU.Build.0 = Debug|Any CPU
		{C900CC47-7C13-4F80-9238-469698E47510}.Release|Any CPU.ActiveCfg = Release|Any CPU
		{C900CC47-7C13-4F80-9238-469698E47510}.Release|Any CPU.Build.0 = Release|Any CPU
		{8313D7B3-72A8-4011-8BFB-7A8E9DDC5BA5}.Debug|Any CPU.ActiveCfg = Debug|Any CPU
		{8313D7B3-72A8-4011-8BFB-7A8E9DDC5BA5}.Debug|Any CPU.Build.0 = Debug|Any CPU
		{8313D7B3-72A8-4011-8BFB-7A8E9DDC5BA5}.Release|Any CPU.ActiveCfg = Release|Any CPU
		{8313D7B3-72A8-4011-8BFB-7A8E9DDC5BA5}.Release|Any CPU.Build.0 = Release|Any CPU
		{041A9819-84B2-46B1-993D-596DC252C6E3}.Debug|Any CPU.ActiveCfg = Debug|Any CPU
		{041A9819-84B2-46B1-993D-596DC252C6E3}.Debug|Any CPU.Build.0 = Debug|Any CPU
		{041A9819-84B2-46B1-993D-596DC252C6E3}.Release|Any CPU.ActiveCfg = Release|Any CPU
		{041A9819-84B2-46B1-993D-596DC252C6E3}.Release|Any CPU.Build.0 = Release|Any CPU
		{4FA1046F-1965-4BAD-B753-CA80E2E4FFA4}.Debug|Any CPU.ActiveCfg = Debug|Any CPU
		{4FA1046F-1965-4BAD-B753-CA80E2E4FFA4}.Debug|Any CPU.Build.0 = Debug|Any CPU
		{4FA1046F-1965-4BAD-B753-CA80E2E4FFA4}.Release|Any CPU.ActiveCfg = Release|Any CPU
		{4FA1046F-1965-4BAD-B753-CA80E2E4FFA4}.Release|Any CPU.Build.0 = Release|Any CPU
		{DA34A43C-9408-4CBE-BAD7-6140974D1B8A}.Debug|Any CPU.ActiveCfg = Debug|Any CPU
		{DA34A43C-9408-4CBE-BAD7-6140974D1B8A}.Debug|Any CPU.Build.0 = Debug|Any CPU
		{DA34A43C-9408-4CBE-BAD7-6140974D1B8A}.Release|Any CPU.ActiveCfg = Release|Any CPU
		{DA34A43C-9408-4CBE-BAD7-6140974D1B8A}.Release|Any CPU.Build.0 = Release|Any CPU
		{A19CC25A-983F-48B5-8371-7C8F4AA14BA6}.Debug|Any CPU.ActiveCfg = Debug|Any CPU
		{A19CC25A-983F-48B5-8371-7C8F4AA14BA6}.Debug|Any CPU.Build.0 = Debug|Any CPU
		{A19CC25A-983F-48B5-8371-7C8F4AA14BA6}.Release|Any CPU.ActiveCfg = Release|Any CPU
		{A19CC25A-983F-48B5-8371-7C8F4AA14BA6}.Release|Any CPU.Build.0 = Release|Any CPU
		{E7BE7B7D-AE00-47C0-885C-BA57AD11A0B5}.Debug|Any CPU.ActiveCfg = Debug|Any CPU
		{E7BE7B7D-AE00-47C0-885C-BA57AD11A0B5}.Debug|Any CPU.Build.0 = Debug|Any CPU
		{E7BE7B7D-AE00-47C0-885C-BA57AD11A0B5}.Release|Any CPU.ActiveCfg = Release|Any CPU
		{E7BE7B7D-AE00-47C0-885C-BA57AD11A0B5}.Release|Any CPU.Build.0 = Release|Any CPU
		{2747AB1B-8065-4BEF-A4DF-9F63AF1E3044}.Debug|Any CPU.ActiveCfg = Debug|Any CPU
		{2747AB1B-8065-4BEF-A4DF-9F63AF1E3044}.Debug|Any CPU.Build.0 = Debug|Any CPU
		{2747AB1B-8065-4BEF-A4DF-9F63AF1E3044}.Release|Any CPU.ActiveCfg = Release|Any CPU
		{2747AB1B-8065-4BEF-A4DF-9F63AF1E3044}.Release|Any CPU.Build.0 = Release|Any CPU
		{13C326D1-08B0-49EB-8AEB-8B88062C76D8}.Debug|Any CPU.ActiveCfg = Debug|Any CPU
		{13C326D1-08B0-49EB-8AEB-8B88062C76D8}.Debug|Any CPU.Build.0 = Debug|Any CPU
		{13C326D1-08B0-49EB-8AEB-8B88062C76D8}.Release|Any CPU.ActiveCfg = Release|Any CPU
		{13C326D1-08B0-49EB-8AEB-8B88062C76D8}.Release|Any CPU.Build.0 = Release|Any CPU
		{066A63A5-D3AB-4BCD-8DA2-3BDD50726CB2}.Debug|Any CPU.ActiveCfg = Debug|Any CPU
		{066A63A5-D3AB-4BCD-8DA2-3BDD50726CB2}.Debug|Any CPU.Build.0 = Debug|Any CPU
		{066A63A5-D3AB-4BCD-8DA2-3BDD50726CB2}.Release|Any CPU.ActiveCfg = Release|Any CPU
		{066A63A5-D3AB-4BCD-8DA2-3BDD50726CB2}.Release|Any CPU.Build.0 = Release|Any CPU
	EndGlobalSection
	GlobalSection(SolutionProperties) = preSolution
		HideSolutionNode = FALSE
	EndGlobalSection
	GlobalSection(NestedProjects) = preSolution
		{1C2990DE-B85A-4D30-A804-E1303D2C7D3E} = {FFE1FFEF-0DB7-4FB5-A084-41470D537910}
		{E39E6385-B003-42E6-8A0E-ACCFB8C7F474} = {FFE1FFEF-0DB7-4FB5-A084-41470D537910}
		{C900CC47-7C13-4F80-9238-469698E47510} = {92603701-31FA-41BC-9C45-C17BDF2BBFCC}
		{8313D7B3-72A8-4011-8BFB-7A8E9DDC5BA5} = {92603701-31FA-41BC-9C45-C17BDF2BBFCC}
		{041A9819-84B2-46B1-993D-596DC252C6E3} = {92603701-31FA-41BC-9C45-C17BDF2BBFCC}
		{4FA1046F-1965-4BAD-B753-CA80E2E4FFA4} = {92603701-31FA-41BC-9C45-C17BDF2BBFCC}
		{DA34A43C-9408-4CBE-BAD7-6140974D1B8A} = {92603701-31FA-41BC-9C45-C17BDF2BBFCC}
		{A19CC25A-983F-48B5-8371-7C8F4AA14BA6} = {92603701-31FA-41BC-9C45-C17BDF2BBFCC}
		{E7BE7B7D-AE00-47C0-885C-BA57AD11A0B5} = {92603701-31FA-41BC-9C45-C17BDF2BBFCC}
		{2747AB1B-8065-4BEF-A4DF-9F63AF1E3044} = {92603701-31FA-41BC-9C45-C17BDF2BBFCC}
		{13C326D1-08B0-49EB-8AEB-8B88062C76D8} = {FED49DAC-62AA-472A-A271-5188A3C0F624}
		{066A63A5-D3AB-4BCD-8DA2-3BDD50726CB2} = {FED49DAC-62AA-472A-A271-5188A3C0F624}
	EndGlobalSection
	GlobalSection(ExtensibilityGlobals) = postSolution
		SolutionGuid = {6686C990-45D4-4839-8A0F-14E2563AD8C3}
	EndGlobalSection
EndGlobal
